
Microsoft Visual Studio Solution File, Format Version 12.00
# Visual Studio 15
VisualStudioVersion = 15.0.27130.2010
MinimumVisualStudioVersion = 10.0.40219.1
Project("{FAE04EC0-301F-11D3-BF4B-00C04F79EFBC}") = "TigerGenerator.Controls", "TigerGenerator.Controls\TigerGenerator.Controls.csproj", "{8D2D0DDD-9949-479A-A2E7-89463E34AAFC}"
EndProject
Project("{FAE04EC0-301F-11D3-BF4B-00C04F79EFBC}") = "TigerGenerator.Logic", "TigerGenerator.Logic\TigerGenerator.Logic.csproj", "{6160822B-CB2F-44CB-A5BA-90EC638015B7}"
EndProject
Project("{FAE04EC0-301F-11D3-BF4B-00C04F79EFBC}") = "TigerGenerator.WPF.TigerLoader", "TigerGenerator.WPF.TigerLoader\TigerGenerator.WPF.TigerLoader.csproj", "{7DC3B767-AA99-4DCB-B9E0-37B56E93FC3F}"
EndProject
Project("{FAE04EC0-301F-11D3-BF4B-00C04F79EFBC}") = "TigerGenerator.WPF.TigerChampionshipScheduler", "TigerGenerator.WPF.TigerChampionshipScheduler\TigerGenerator.WPF.TigerChampionshipScheduler.csproj", "{E27D24EC-F687-4D30-AE68-2B7EA1402C5B}"
EndProject
Project("{FAE04EC0-301F-11D3-BF4B-00C04F79EFBC}") = "TigerGenerator.Tests", "TigerGenerator.Tests\TigerGenerator.Tests.csproj", "{FC6729C3-B963-4048-BDE7-9DBAD873C339}"
EndProject
Global
	GlobalSection(SolutionConfigurationPlatforms) = preSolution
		Debug|Any CPU = Debug|Any CPU
		Release|Any CPU = Release|Any CPU
	EndGlobalSection
	GlobalSection(ProjectConfigurationPlatforms) = postSolution
		{8D2D0DDD-9949-479A-A2E7-89463E34AAFC}.Debug|Any CPU.ActiveCfg = Debug|Any CPU
		{8D2D0DDD-9949-479A-A2E7-89463E34AAFC}.Debug|Any CPU.Build.0 = Debug|Any CPU
		{8D2D0DDD-9949-479A-A2E7-89463E34AAFC}.Release|Any CPU.ActiveCfg = Release|Any CPU
		{8D2D0DDD-9949-479A-A2E7-89463E34AAFC}.Release|Any CPU.Build.0 = Release|Any CPU
		{6160822B-CB2F-44CB-A5BA-90EC638015B7}.Debug|Any CPU.ActiveCfg = Debug|Any CPU
		{6160822B-CB2F-44CB-A5BA-90EC638015B7}.Debug|Any CPU.Build.0 = Debug|Any CPU
		{6160822B-CB2F-44CB-A5BA-90EC638015B7}.Release|Any CPU.ActiveCfg = Release|Any CPU
		{6160822B-CB2F-44CB-A5BA-90EC638015B7}.Release|Any CPU.Build.0 = Release|Any CPU
		{7DC3B767-AA99-4DCB-B9E0-37B56E93FC3F}.Debug|Any CPU.ActiveCfg = Debug|Any CPU
		{7DC3B767-AA99-4DCB-B9E0-37B56E93FC3F}.Debug|Any CPU.Build.0 = Debug|Any CPU
		{7DC3B767-AA99-4DCB-B9E0-37B56E93FC3F}.Release|Any CPU.ActiveCfg = Release|Any CPU
		{7DC3B767-AA99-4DCB-B9E0-37B56E93FC3F}.Release|Any CPU.Build.0 = Release|Any CPU
		{E27D24EC-F687-4D30-AE68-2B7EA1402C5B}.Debug|Any CPU.ActiveCfg = Debug|Any CPU
		{E27D24EC-F687-4D30-AE68-2B7EA1402C5B}.Debug|Any CPU.Build.0 = Debug|Any CPU
		{E27D24EC-F687-4D30-AE68-2B7EA1402C5B}.Release|Any CPU.ActiveCfg = Release|Any CPU
		{E27D24EC-F687-4D30-AE68-2B7EA1402C5B}.Release|Any CPU.Build.0 = Release|Any CPU
		{FC6729C3-B963-4048-BDE7-9DBAD873C339}.Debug|Any CPU.ActiveCfg = Debug|Any CPU
		{FC6729C3-B963-4048-BDE7-9DBAD873C339}.Debug|Any CPU.Build.0 = Debug|Any CPU
		{FC6729C3-B963-4048-BDE7-9DBAD873C339}.Release|Any CPU.ActiveCfg = Release|Any CPU
		{FC6729C3-B963-4048-BDE7-9DBAD873C339}.Release|Any CPU.Build.0 = Release|Any CPU
	EndGlobalSection
	GlobalSection(SolutionProperties) = preSolution
		HideSolutionNode = FALSE
	EndGlobalSection
	GlobalSection(ExtensibilityGlobals) = postSolution
		SolutionGuid = {2AA164D0-BE49-4269-88FC-5DFB00CA9CA3}
	EndGlobalSection
EndGlobal
